
Microsoft Visual Studio Solution File, Format Version 12.00
# Visual Studio Version 16
VisualStudioVersion = 16.0.30804.86
MinimumVisualStudioVersion = 10.0.40219.1
Project("{FAE04EC0-301F-11D3-BF4B-00C04F79EFBC}") = "NetCoreVideoUpload", "NetCoreVideoUpload\NetCoreVideoUpload.csproj", "{F28CD1DD-A0AB-45E2-AF37-49818927A4E6}"
EndProject
Global
	GlobalSection(SolutionConfigurationPlatforms) = preSolution
		Debug|Any CPU = Debug|Any CPU
		Release|Any CPU = Release|Any CPU
	EndGlobalSection
	GlobalSection(ProjectConfigurationPlatforms) = postSolution
		{F28CD1DD-A0AB-45E2-AF37-49818927A4E6}.Debug|Any CPU.ActiveCfg = Debug|Any CPU
		{F28CD1DD-A0AB-45E2-AF37-49818927A4E6}.Debug|Any CPU.Build.0 = Debug|Any CPU
		{F28CD1DD-A0AB-45E2-AF37-49818927A4E6}.Release|Any CPU.ActiveCfg = Release|Any CPU
		{F28CD1DD-A0AB-45E2-AF37-49818927A4E6}.Release|Any CPU.Build.0 = Release|Any CPU
	EndGlobalSection
	GlobalSection(SolutionProperties) = preSolution
		HideSolutionNode = FALSE
	EndGlobalSection
	GlobalSection(ExtensibilityGlobals) = postSolution
		SolutionGuid = {BADFF14C-7CB0-41F3-87B0-44D358F54D87}
	EndGlobalSection
EndGlobal
